// !$*UTF8*$!
{
	archiveVersion = 1;
	classes = {
	};
	objectVersion = 56;
	objects = {

/* Begin PBXBuildFile section */
		1097815429F2E1A100C2E819 /* DateHolder.swift in Sources */ = {isa = PBXBuildFile; fileRef = 1097815329F2E1A100C2E819 /* DateHolder.swift */; };
		1097815629F2E22F00C2E819 /* DateScrollerView.swift in Sources */ = {isa = PBXBuildFile; fileRef = 1097815529F2E22F00C2E819 /* DateScrollerView.swift */; };
		1097815A29F2E59700C2E819 /* CalendarHelper.swift in Sources */ = {isa = PBXBuildFile; fileRef = 1097815929F2E59700C2E819 /* CalendarHelper.swift */; };
		10F67D6A29FC19EC0096FC33 /* CalendarCell.swift in Sources */ = {isa = PBXBuildFile; fileRef = 10F67D6929FC19EC0096FC33 /* CalendarCell.swift */; };
		10F67D6C29FC1B8A0096FC33 /* MonthStruct.swift in Sources */ = {isa = PBXBuildFile; fileRef = 10F67D6B29FC1B8A0096FC33 /* MonthStruct.swift */; };
		10F67D712A0019DD0096FC33 /* GavinsScheduleView.swift in Sources */ = {isa = PBXBuildFile; fileRef = 10F67D702A0019DD0096FC33 /* GavinsScheduleView.swift */; };
		2571119C29F19A7700B41A95 /* AuthViewModel.swift in Sources */ = {isa = PBXBuildFile; fileRef = 2571119B29F19A7700B41A95 /* AuthViewModel.swift */; };
		2571119E29F1A74B00B41A95 /* MainView.swift in Sources */ = {isa = PBXBuildFile; fileRef = 2571119D29F1A74B00B41A95 /* MainView.swift */; };
		257111A029F1A75D00B41A95 /* SignUpView.swift in Sources */ = {isa = PBXBuildFile; fileRef = 2571119F29F1A75D00B41A95 /* SignUpView.swift */; };
		257111A629F2FFF500B41A95 /* LoginView.swift in Sources */ = {isa = PBXBuildFile; fileRef = 257111A529F2FFF500B41A95 /* LoginView.swift */; };
		257111AA29F6D29C00B41A95 /* PreviewProvider.swift in Sources */ = {isa = PBXBuildFile; fileRef = 257111A929F6D29C00B41A95 /* PreviewProvider.swift */; };
		257111AE29F6E16100B41A95 /* GoogleSignIn in Frameworks */ = {isa = PBXBuildFile; productRef = 257111AD29F6E16100B41A95 /* GoogleSignIn */; };
		257111B029F6E16100B41A95 /* GoogleSignInSwift in Frameworks */ = {isa = PBXBuildFile; productRef = 257111AF29F6E16100B41A95 /* GoogleSignInSwift */; };
		257111B229F6F33800B41A95 /* GoogleSignInButton.swift in Sources */ = {isa = PBXBuildFile; fileRef = 257111B129F6F33800B41A95 /* GoogleSignInButton.swift */; };
		38C6080029F1906D0027A5D1 /* FordsRewardsApp.swift in Sources */ = {isa = PBXBuildFile; fileRef = 38C607FF29F1906D0027A5D1 /* FordsRewardsApp.swift */; };
		38C6080229F1906D0027A5D1 /* ContentView.swift in Sources */ = {isa = PBXBuildFile; fileRef = 38C6080129F1906D0027A5D1 /* ContentView.swift */; };
		38C6080429F1906F0027A5D1 /* Assets.xcassets in Resources */ = {isa = PBXBuildFile; fileRef = 38C6080329F1906F0027A5D1 /* Assets.xcassets */; };
		38C6080729F1906F0027A5D1 /* Preview Assets.xcassets in Resources */ = {isa = PBXBuildFile; fileRef = 38C6080629F1906F0027A5D1 /* Preview Assets.xcassets */; };
		38C6081129F1906F0027A5D1 /* FordsRewardsTests.swift in Sources */ = {isa = PBXBuildFile; fileRef = 38C6081029F1906F0027A5D1 /* FordsRewardsTests.swift */; };
		38C6081B29F1906F0027A5D1 /* FordsRewardsUITests.swift in Sources */ = {isa = PBXBuildFile; fileRef = 38C6081A29F1906F0027A5D1 /* FordsRewardsUITests.swift */; };
		38C6081D29F1906F0027A5D1 /* FordsRewardsUITestsLaunchTests.swift in Sources */ = {isa = PBXBuildFile; fileRef = 38C6081C29F1906F0027A5D1 /* FordsRewardsUITestsLaunchTests.swift */; };
		38C6082A29F190AC0027A5D1 /* GoogleService-Info.plist in Resources */ = {isa = PBXBuildFile; fileRef = 38C6082929F190AC0027A5D1 /* GoogleService-Info.plist */; };
		38C6082B29F190AC0027A5D1 /* GoogleService-Info.plist in Resources */ = {isa = PBXBuildFile; fileRef = 38C6082929F190AC0027A5D1 /* GoogleService-Info.plist */; };
		38C6082C29F190AC0027A5D1 /* GoogleService-Info.plist in Resources */ = {isa = PBXBuildFile; fileRef = 38C6082929F190AC0027A5D1 /* GoogleService-Info.plist */; };
		38C6082F29F191F10027A5D1 /* FirebaseAnalytics in Frameworks */ = {isa = PBXBuildFile; productRef = 38C6082E29F191F10027A5D1 /* FirebaseAnalytics */; };
		38C6083129F191F10027A5D1 /* FirebaseAuth in Frameworks */ = {isa = PBXBuildFile; productRef = 38C6083029F191F10027A5D1 /* FirebaseAuth */; };
		38C6083329F191F10027A5D1 /* FirebaseFirestore in Frameworks */ = {isa = PBXBuildFile; productRef = 38C6083229F191F10027A5D1 /* FirebaseFirestore */; };
		38C6083529F191F10027A5D1 /* FirebaseFunctions in Frameworks */ = {isa = PBXBuildFile; productRef = 38C6083429F191F10027A5D1 /* FirebaseFunctions */; };
		38C6083729F191F10027A5D1 /* FirebaseStorage in Frameworks */ = {isa = PBXBuildFile; productRef = 38C6083629F191F10027A5D1 /* FirebaseStorage */; };
		4D92370029F2E71E008E4F82 /* Color.swift in Sources */ = {isa = PBXBuildFile; fileRef = 4D9236FF29F2E71E008E4F82 /* Color.swift */; };
		4D92370829F83346008E4F82 /* EventView.swift in Sources */ = {isa = PBXBuildFile; fileRef = 4D92370729F83346008E4F82 /* EventView.swift */; };
		C905EFA029F982BD006E800D /* HomeView.swift in Sources */ = {isa = PBXBuildFile; fileRef = C905EF9F29F982BD006E800D /* HomeView.swift */; };
		C905EFA229FC1ED1006E800D /* UserInfo.swift in Sources */ = {isa = PBXBuildFile; fileRef = C905EFA129FC1ED1006E800D /* UserInfo.swift */; };
		C905EFA429FC2131006E800D /* EventInfo.swift in Sources */ = {isa = PBXBuildFile; fileRef = C905EFA329FC2131006E800D /* EventInfo.swift */; };
		DEF6E84129F6D8CF00FA848E /* ProfileView.swift in Sources */ = {isa = PBXBuildFile; fileRef = DEF6E84029F6D8CF00FA848E /* ProfileView.swift */; };
		DEF6E84329F6D8E600FA848E /* EditProfileView.swift in Sources */ = {isa = PBXBuildFile; fileRef = DEF6E84229F6D8E600FA848E /* EditProfileView.swift */; };
/* End PBXBuildFile section */

/* Begin PBXContainerItemProxy section */
		38C6080D29F1906F0027A5D1 /* PBXContainerItemProxy */ = {
			isa = PBXContainerItemProxy;
			containerPortal = 38C607F429F1906C0027A5D1 /* Project object */;
			proxyType = 1;
			remoteGlobalIDString = 38C607FB29F1906D0027A5D1;
			remoteInfo = FordsRewards;
		};
		38C6081729F1906F0027A5D1 /* PBXContainerItemProxy */ = {
			isa = PBXContainerItemProxy;
			containerPortal = 38C607F429F1906C0027A5D1 /* Project object */;
			proxyType = 1;
			remoteGlobalIDString = 38C607FB29F1906D0027A5D1;
			remoteInfo = FordsRewards;
		};
/* End PBXContainerItemProxy section */

/* Begin PBXFileReference section */
		1097815329F2E1A100C2E819 /* DateHolder.swift */ = {isa = PBXFileReference; lastKnownFileType = sourcecode.swift; path = DateHolder.swift; sourceTree = "<group>"; };
		1097815529F2E22F00C2E819 /* DateScrollerView.swift */ = {isa = PBXFileReference; lastKnownFileType = sourcecode.swift; path = DateScrollerView.swift; sourceTree = "<group>"; };
		1097815929F2E59700C2E819 /* CalendarHelper.swift */ = {isa = PBXFileReference; lastKnownFileType = sourcecode.swift; path = CalendarHelper.swift; sourceTree = "<group>"; };
		10F67D6929FC19EC0096FC33 /* CalendarCell.swift */ = {isa = PBXFileReference; lastKnownFileType = sourcecode.swift; path = CalendarCell.swift; sourceTree = "<group>"; };
		10F67D6B29FC1B8A0096FC33 /* MonthStruct.swift */ = {isa = PBXFileReference; lastKnownFileType = sourcecode.swift; path = MonthStruct.swift; sourceTree = "<group>"; };
		10F67D702A0019DD0096FC33 /* GavinsScheduleView.swift */ = {isa = PBXFileReference; lastKnownFileType = sourcecode.swift; name = GavinsScheduleView.swift; path = ../../GavinsScheduleView.swift; sourceTree = "<group>"; };
		2571119B29F19A7700B41A95 /* AuthViewModel.swift */ = {isa = PBXFileReference; lastKnownFileType = sourcecode.swift; path = AuthViewModel.swift; sourceTree = "<group>"; };
		2571119D29F1A74B00B41A95 /* MainView.swift */ = {isa = PBXFileReference; lastKnownFileType = sourcecode.swift; path = MainView.swift; sourceTree = "<group>"; };
		2571119F29F1A75D00B41A95 /* SignUpView.swift */ = {isa = PBXFileReference; lastKnownFileType = sourcecode.swift; path = SignUpView.swift; sourceTree = "<group>"; };
		257111A529F2FFF500B41A95 /* LoginView.swift */ = {isa = PBXFileReference; lastKnownFileType = sourcecode.swift; path = LoginView.swift; sourceTree = "<group>"; };
		257111A929F6D29C00B41A95 /* PreviewProvider.swift */ = {isa = PBXFileReference; lastKnownFileType = sourcecode.swift; path = PreviewProvider.swift; sourceTree = "<group>"; };
		257111AB29F6DE8000B41A95 /* Info.plist */ = {isa = PBXFileReference; lastKnownFileType = text.plist; path = Info.plist; sourceTree = "<group>"; };
		257111B129F6F33800B41A95 /* GoogleSignInButton.swift */ = {isa = PBXFileReference; lastKnownFileType = sourcecode.swift; path = GoogleSignInButton.swift; sourceTree = "<group>"; };
		38C607FC29F1906D0027A5D1 /* FordsRewards.app */ = {isa = PBXFileReference; explicitFileType = wrapper.application; includeInIndex = 0; path = FordsRewards.app; sourceTree = BUILT_PRODUCTS_DIR; };
		38C607FF29F1906D0027A5D1 /* FordsRewardsApp.swift */ = {isa = PBXFileReference; lastKnownFileType = sourcecode.swift; path = FordsRewardsApp.swift; sourceTree = "<group>"; };
		38C6080129F1906D0027A5D1 /* ContentView.swift */ = {isa = PBXFileReference; lastKnownFileType = sourcecode.swift; path = ContentView.swift; sourceTree = "<group>"; };
		38C6080329F1906F0027A5D1 /* Assets.xcassets */ = {isa = PBXFileReference; lastKnownFileType = folder.assetcatalog; path = Assets.xcassets; sourceTree = "<group>"; };
		38C6080629F1906F0027A5D1 /* Preview Assets.xcassets */ = {isa = PBXFileReference; lastKnownFileType = folder.assetcatalog; path = "Preview Assets.xcassets"; sourceTree = "<group>"; };
		38C6080C29F1906F0027A5D1 /* FordsRewardsTests.xctest */ = {isa = PBXFileReference; explicitFileType = wrapper.cfbundle; includeInIndex = 0; path = FordsRewardsTests.xctest; sourceTree = BUILT_PRODUCTS_DIR; };
		38C6081029F1906F0027A5D1 /* FordsRewardsTests.swift */ = {isa = PBXFileReference; lastKnownFileType = sourcecode.swift; path = FordsRewardsTests.swift; sourceTree = "<group>"; };
		38C6081629F1906F0027A5D1 /* FordsRewardsUITests.xctest */ = {isa = PBXFileReference; explicitFileType = wrapper.cfbundle; includeInIndex = 0; path = FordsRewardsUITests.xctest; sourceTree = BUILT_PRODUCTS_DIR; };
		38C6081A29F1906F0027A5D1 /* FordsRewardsUITests.swift */ = {isa = PBXFileReference; lastKnownFileType = sourcecode.swift; path = FordsRewardsUITests.swift; sourceTree = "<group>"; };
		38C6081C29F1906F0027A5D1 /* FordsRewardsUITestsLaunchTests.swift */ = {isa = PBXFileReference; lastKnownFileType = sourcecode.swift; path = FordsRewardsUITestsLaunchTests.swift; sourceTree = "<group>"; };
		38C6082929F190AC0027A5D1 /* GoogleService-Info.plist */ = {isa = PBXFileReference; fileEncoding = 4; lastKnownFileType = text.plist.xml; path = "GoogleService-Info.plist"; sourceTree = "<group>"; };
		4D9236FF29F2E71E008E4F82 /* Color.swift */ = {isa = PBXFileReference; lastKnownFileType = sourcecode.swift; path = Color.swift; sourceTree = "<group>"; };
		4D92370729F83346008E4F82 /* EventView.swift */ = {isa = PBXFileReference; lastKnownFileType = sourcecode.swift; path = EventView.swift; sourceTree = "<group>"; };
		C905EF9F29F982BD006E800D /* HomeView.swift */ = {isa = PBXFileReference; lastKnownFileType = sourcecode.swift; path = HomeView.swift; sourceTree = "<group>"; };
		C905EFA129FC1ED1006E800D /* UserInfo.swift */ = {isa = PBXFileReference; lastKnownFileType = sourcecode.swift; path = UserInfo.swift; sourceTree = "<group>"; };
		C905EFA329FC2131006E800D /* EventInfo.swift */ = {isa = PBXFileReference; lastKnownFileType = sourcecode.swift; path = EventInfo.swift; sourceTree = "<group>"; };
		DEF6E84029F6D8CF00FA848E /* ProfileView.swift */ = {isa = PBXFileReference; lastKnownFileType = sourcecode.swift; path = ProfileView.swift; sourceTree = "<group>"; };
		DEF6E84229F6D8E600FA848E /* EditProfileView.swift */ = {isa = PBXFileReference; lastKnownFileType = sourcecode.swift; path = EditProfileView.swift; sourceTree = "<group>"; };
/* End PBXFileReference section */

/* Begin PBXFrameworksBuildPhase section */
		38C607F929F1906D0027A5D1 /* Frameworks */ = {
			isa = PBXFrameworksBuildPhase;
			buildActionMask = 2147483647;
			files = (
				38C6082F29F191F10027A5D1 /* FirebaseAnalytics in Frameworks */,
				38C6083129F191F10027A5D1 /* FirebaseAuth in Frameworks */,
				257111B029F6E16100B41A95 /* GoogleSignInSwift in Frameworks */,
				38C6083329F191F10027A5D1 /* FirebaseFirestore in Frameworks */,
				38C6083729F191F10027A5D1 /* FirebaseStorage in Frameworks */,
				38C6083529F191F10027A5D1 /* FirebaseFunctions in Frameworks */,
				257111AE29F6E16100B41A95 /* GoogleSignIn in Frameworks */,
			);
			runOnlyForDeploymentPostprocessing = 0;
		};
		38C6080929F1906F0027A5D1 /* Frameworks */ = {
			isa = PBXFrameworksBuildPhase;
			buildActionMask = 2147483647;
			files = (
			);
			runOnlyForDeploymentPostprocessing = 0;
		};
		38C6081329F1906F0027A5D1 /* Frameworks */ = {
			isa = PBXFrameworksBuildPhase;
			buildActionMask = 2147483647;
			files = (
			);
			runOnlyForDeploymentPostprocessing = 0;
		};
/* End PBXFrameworksBuildPhase section */

/* Begin PBXGroup section */
		10F67D6F29FC236B0096FC33 /* Calendar */ = {
			isa = PBXGroup;
			children = (
				10F67D702A0019DD0096FC33 /* GavinsScheduleView.swift */,
				10F67D6B29FC1B8A0096FC33 /* MonthStruct.swift */,
				1097815929F2E59700C2E819 /* CalendarHelper.swift */,
				1097815529F2E22F00C2E819 /* DateScrollerView.swift */,
				1097815329F2E1A100C2E819 /* DateHolder.swift */,
				10F67D6929FC19EC0096FC33 /* CalendarCell.swift */,
			);
			path = Calendar;
			sourceTree = "<group>";
		};
		38C607F329F1906C0027A5D1 = {
			isa = PBXGroup;
			children = (
				38C607FE29F1906D0027A5D1 /* FordsRewards */,
				38C6080F29F1906F0027A5D1 /* FordsRewardsTests */,
				38C6081929F1906F0027A5D1 /* FordsRewardsUITests */,
				38C607FD29F1906D0027A5D1 /* Products */,
			);
			sourceTree = "<group>";
		};
		38C607FD29F1906D0027A5D1 /* Products */ = {
			isa = PBXGroup;
			children = (
				38C607FC29F1906D0027A5D1 /* FordsRewards.app */,
				38C6080C29F1906F0027A5D1 /* FordsRewardsTests.xctest */,
				38C6081629F1906F0027A5D1 /* FordsRewardsUITests.xctest */,
			);
			name = Products;
			sourceTree = "<group>";
		};
		38C607FE29F1906D0027A5D1 /* FordsRewards */ = {
			isa = PBXGroup;
			children = (
				257111AB29F6DE8000B41A95 /* Info.plist */,
				2571119B29F19A7700B41A95 /* AuthViewModel.swift */,
				C905EFA129FC1ED1006E800D /* UserInfo.swift */,
				C905EFA329FC2131006E800D /* EventInfo.swift */,
				38C607FF29F1906D0027A5D1 /* FordsRewardsApp.swift */,
				257111A929F6D29C00B41A95 /* PreviewProvider.swift */,
				38C6080129F1906D0027A5D1 /* ContentView.swift */,
				257111B129F6F33800B41A95 /* GoogleSignInButton.swift */,
				10F67D6F29FC236B0096FC33 /* Calendar */,
				2571119F29F1A75D00B41A95 /* SignUpView.swift */,
				257111A529F2FFF500B41A95 /* LoginView.swift */,
				DEF6E84029F6D8CF00FA848E /* ProfileView.swift */,
				DEF6E84229F6D8E600FA848E /* EditProfileView.swift */,
				C905EF9F29F982BD006E800D /* HomeView.swift */,
				2571119D29F1A74B00B41A95 /* MainView.swift */,
				4D92370729F83346008E4F82 /* EventView.swift */,
				38C6080329F1906F0027A5D1 /* Assets.xcassets */,
				4D9236FF29F2E71E008E4F82 /* Color.swift */,
				38C6082929F190AC0027A5D1 /* GoogleService-Info.plist */,
				38C6080529F1906F0027A5D1 /* Preview Content */,
			);
			path = FordsRewards;
			sourceTree = "<group>";
		};
		38C6080529F1906F0027A5D1 /* Preview Content */ = {
			isa = PBXGroup;
			children = (
				38C6080629F1906F0027A5D1 /* Preview Assets.xcassets */,
			);
			path = "Preview Content";
			sourceTree = "<group>";
		};
		38C6080F29F1906F0027A5D1 /* FordsRewardsTests */ = {
			isa = PBXGroup;
			children = (
				38C6081029F1906F0027A5D1 /* FordsRewardsTests.swift */,
			);
			path = FordsRewardsTests;
			sourceTree = "<group>";
		};
		38C6081929F1906F0027A5D1 /* FordsRewardsUITests */ = {
			isa = PBXGroup;
			children = (
				38C6081A29F1906F0027A5D1 /* FordsRewardsUITests.swift */,
				38C6081C29F1906F0027A5D1 /* FordsRewardsUITestsLaunchTests.swift */,
			);
			path = FordsRewardsUITests;
			sourceTree = "<group>";
		};
/* End PBXGroup section */

/* Begin PBXNativeTarget section */
		38C607FB29F1906D0027A5D1 /* FordsRewards */ = {
			isa = PBXNativeTarget;
			buildConfigurationList = 38C6082029F1906F0027A5D1 /* Build configuration list for PBXNativeTarget "FordsRewards" */;
			buildPhases = (
				38C607F829F1906D0027A5D1 /* Sources */,
				38C607F929F1906D0027A5D1 /* Frameworks */,
				38C607FA29F1906D0027A5D1 /* Resources */,
			);
			buildRules = (
			);
			dependencies = (
			);
			name = FordsRewards;
			packageProductDependencies = (
				38C6082E29F191F10027A5D1 /* FirebaseAnalytics */,
				38C6083029F191F10027A5D1 /* FirebaseAuth */,
				38C6083229F191F10027A5D1 /* FirebaseFirestore */,
				38C6083429F191F10027A5D1 /* FirebaseFunctions */,
				38C6083629F191F10027A5D1 /* FirebaseStorage */,
				257111AD29F6E16100B41A95 /* GoogleSignIn */,
				257111AF29F6E16100B41A95 /* GoogleSignInSwift */,
			);
			productName = FordsRewards;
			productReference = 38C607FC29F1906D0027A5D1 /* FordsRewards.app */;
			productType = "com.apple.product-type.application";
		};
		38C6080B29F1906F0027A5D1 /* FordsRewardsTests */ = {
			isa = PBXNativeTarget;
			buildConfigurationList = 38C6082329F1906F0027A5D1 /* Build configuration list for PBXNativeTarget "FordsRewardsTests" */;
			buildPhases = (
				38C6080829F1906F0027A5D1 /* Sources */,
				38C6080929F1906F0027A5D1 /* Frameworks */,
				38C6080A29F1906F0027A5D1 /* Resources */,
			);
			buildRules = (
			);
			dependencies = (
				38C6080E29F1906F0027A5D1 /* PBXTargetDependency */,
			);
			name = FordsRewardsTests;
			productName = FordsRewardsTests;
			productReference = 38C6080C29F1906F0027A5D1 /* FordsRewardsTests.xctest */;
			productType = "com.apple.product-type.bundle.unit-test";
		};
		38C6081529F1906F0027A5D1 /* FordsRewardsUITests */ = {
			isa = PBXNativeTarget;
			buildConfigurationList = 38C6082629F1906F0027A5D1 /* Build configuration list for PBXNativeTarget "FordsRewardsUITests" */;
			buildPhases = (
				38C6081229F1906F0027A5D1 /* Sources */,
				38C6081329F1906F0027A5D1 /* Frameworks */,
				38C6081429F1906F0027A5D1 /* Resources */,
			);
			buildRules = (
			);
			dependencies = (
				38C6081829F1906F0027A5D1 /* PBXTargetDependency */,
			);
			name = FordsRewardsUITests;
			productName = FordsRewardsUITests;
			productReference = 38C6081629F1906F0027A5D1 /* FordsRewardsUITests.xctest */;
			productType = "com.apple.product-type.bundle.ui-testing";
		};
/* End PBXNativeTarget section */

/* Begin PBXProject section */
		38C607F429F1906C0027A5D1 /* Project object */ = {
			isa = PBXProject;
			attributes = {
				BuildIndependentTargetsInParallel = 1;
				LastSwiftUpdateCheck = 1420;
				LastUpgradeCheck = 1420;
				TargetAttributes = {
					38C607FB29F1906D0027A5D1 = {
						CreatedOnToolsVersion = 14.2;
					};
					38C6080B29F1906F0027A5D1 = {
						CreatedOnToolsVersion = 14.2;
						TestTargetID = 38C607FB29F1906D0027A5D1;
					};
					38C6081529F1906F0027A5D1 = {
						CreatedOnToolsVersion = 14.2;
						TestTargetID = 38C607FB29F1906D0027A5D1;
					};
				};
			};
			buildConfigurationList = 38C607F729F1906D0027A5D1 /* Build configuration list for PBXProject "FordsRewards" */;
			compatibilityVersion = "Xcode 14.0";
			developmentRegion = en;
			hasScannedForEncodings = 0;
			knownRegions = (
				en,
				Base,
			);
			mainGroup = 38C607F329F1906C0027A5D1;
			packageReferences = (
				38C6082D29F191F10027A5D1 /* XCRemoteSwiftPackageReference "firebase-ios-sdk" */,
				257111AC29F6E16100B41A95 /* XCRemoteSwiftPackageReference "GoogleSignIn-iOS" */,
			);
			productRefGroup = 38C607FD29F1906D0027A5D1 /* Products */;
			projectDirPath = "";
			projectRoot = "";
			targets = (
				38C607FB29F1906D0027A5D1 /* FordsRewards */,
				38C6080B29F1906F0027A5D1 /* FordsRewardsTests */,
				38C6081529F1906F0027A5D1 /* FordsRewardsUITests */,
			);
		};
/* End PBXProject section */

/* Begin PBXResourcesBuildPhase section */
		38C607FA29F1906D0027A5D1 /* Resources */ = {
			isa = PBXResourcesBuildPhase;
			buildActionMask = 2147483647;
			files = (
				38C6080729F1906F0027A5D1 /* Preview Assets.xcassets in Resources */,
				38C6080429F1906F0027A5D1 /* Assets.xcassets in Resources */,
				38C6082A29F190AC0027A5D1 /* GoogleService-Info.plist in Resources */,
			);
			runOnlyForDeploymentPostprocessing = 0;
		};
		38C6080A29F1906F0027A5D1 /* Resources */ = {
			isa = PBXResourcesBuildPhase;
			buildActionMask = 2147483647;
			files = (
				38C6082B29F190AC0027A5D1 /* GoogleService-Info.plist in Resources */,
			);
			runOnlyForDeploymentPostprocessing = 0;
		};
		38C6081429F1906F0027A5D1 /* Resources */ = {
			isa = PBXResourcesBuildPhase;
			buildActionMask = 2147483647;
			files = (
				38C6082C29F190AC0027A5D1 /* GoogleService-Info.plist in Resources */,
			);
			runOnlyForDeploymentPostprocessing = 0;
		};
/* End PBXResourcesBuildPhase section */

/* Begin PBXSourcesBuildPhase section */
		38C607F829F1906D0027A5D1 /* Sources */ = {
			isa = PBXSourcesBuildPhase;
			buildActionMask = 2147483647;
			files = (
				C905EFA429FC2131006E800D /* EventInfo.swift in Sources */,
				102ADB5E29F197BF00E3F204 /* GavinsScheduleView.swift in Sources */,
				10F67D6A29FC19EC0096FC33 /* CalendarCell.swift in Sources */,
				1097815A29F2E59700C2E819 /* CalendarHelper.swift in Sources */,
				1097815629F2E22F00C2E819 /* DateScrollerView.swift in Sources */,
				38C6080229F1906D0027A5D1 /* ContentView.swift in Sources */,
				C905EFA029F982BD006E800D /* HomeView.swift in Sources */,
				DEF6E84129F6D8CF00FA848E /* ProfileView.swift in Sources */,
				4D92370829F83346008E4F82 /* EventView.swift in Sources */,
				DEF6E84329F6D8E600FA848E /* EditProfileView.swift in Sources */,
				257111B229F6F33800B41A95 /* GoogleSignInButton.swift in Sources */,
				257111A629F2FFF500B41A95 /* LoginView.swift in Sources */,
				257111A029F1A75D00B41A95 /* SignUpView.swift in Sources */,
				2571119E29F1A74B00B41A95 /* MainView.swift in Sources */,
				38C6080029F1906D0027A5D1 /* FordsRewardsApp.swift in Sources */,
				1097815429F2E1A100C2E819 /* DateHolder.swift in Sources */,
				10F67D6C29FC1B8A0096FC33 /* MonthStruct.swift in Sources */,
				2571119C29F19A7700B41A95 /* AuthViewModel.swift in Sources */,
				10F67D712A0019DD0096FC33 /* GavinsScheduleView.swift in Sources */,
				257111AA29F6D29C00B41A95 /* PreviewProvider.swift in Sources */,
				C905EFA229FC1ED1006E800D /* UserInfo.swift in Sources */,
				4D92370029F2E71E008E4F82 /* Color.swift in Sources */,
			);
			runOnlyForDeploymentPostprocessing = 0;
		};
		38C6080829F1906F0027A5D1 /* Sources */ = {
			isa = PBXSourcesBuildPhase;
			buildActionMask = 2147483647;
			files = (
				38C6081129F1906F0027A5D1 /* FordsRewardsTests.swift in Sources */,
			);
			runOnlyForDeploymentPostprocessing = 0;
		};
		38C6081229F1906F0027A5D1 /* Sources */ = {
			isa = PBXSourcesBuildPhase;
			buildActionMask = 2147483647;
			files = (
				38C6081D29F1906F0027A5D1 /* FordsRewardsUITestsLaunchTests.swift in Sources */,
				38C6081B29F1906F0027A5D1 /* FordsRewardsUITests.swift in Sources */,
			);
			runOnlyForDeploymentPostprocessing = 0;
		};
/* End PBXSourcesBuildPhase section */

/* Begin PBXTargetDependency section */
		38C6080E29F1906F0027A5D1 /* PBXTargetDependency */ = {
			isa = PBXTargetDependency;
			target = 38C607FB29F1906D0027A5D1 /* FordsRewards */;
			targetProxy = 38C6080D29F1906F0027A5D1 /* PBXContainerItemProxy */;
		};
		38C6081829F1906F0027A5D1 /* PBXTargetDependency */ = {
			isa = PBXTargetDependency;
			target = 38C607FB29F1906D0027A5D1 /* FordsRewards */;
			targetProxy = 38C6081729F1906F0027A5D1 /* PBXContainerItemProxy */;
		};
/* End PBXTargetDependency section */

/* Begin XCBuildConfiguration section */
		38C6081E29F1906F0027A5D1 /* Debug */ = {
			isa = XCBuildConfiguration;
			buildSettings = {
				ALWAYS_SEARCH_USER_PATHS = NO;
				CLANG_ANALYZER_NONNULL = YES;
				CLANG_ANALYZER_NUMBER_OBJECT_CONVERSION = YES_AGGRESSIVE;
				CLANG_CXX_LANGUAGE_STANDARD = "gnu++20";
				CLANG_ENABLE_MODULES = YES;
				CLANG_ENABLE_OBJC_ARC = YES;
				CLANG_ENABLE_OBJC_WEAK = YES;
				CLANG_WARN_BLOCK_CAPTURE_AUTORELEASING = YES;
				CLANG_WARN_BOOL_CONVERSION = YES;
				CLANG_WARN_COMMA = YES;
				CLANG_WARN_CONSTANT_CONVERSION = YES;
				CLANG_WARN_DEPRECATED_OBJC_IMPLEMENTATIONS = YES;
				CLANG_WARN_DIRECT_OBJC_ISA_USAGE = YES_ERROR;
				CLANG_WARN_DOCUMENTATION_COMMENTS = YES;
				CLANG_WARN_EMPTY_BODY = YES;
				CLANG_WARN_ENUM_CONVERSION = YES;
				CLANG_WARN_INFINITE_RECURSION = YES;
				CLANG_WARN_INT_CONVERSION = YES;
				CLANG_WARN_NON_LITERAL_NULL_CONVERSION = YES;
				CLANG_WARN_OBJC_IMPLICIT_RETAIN_SELF = YES;
				CLANG_WARN_OBJC_LITERAL_CONVERSION = YES;
				CLANG_WARN_OBJC_ROOT_CLASS = YES_ERROR;
				CLANG_WARN_QUOTED_INCLUDE_IN_FRAMEWORK_HEADER = YES;
				CLANG_WARN_RANGE_LOOP_ANALYSIS = YES;
				CLANG_WARN_STRICT_PROTOTYPES = YES;
				CLANG_WARN_SUSPICIOUS_MOVE = YES;
				CLANG_WARN_UNGUARDED_AVAILABILITY = YES_AGGRESSIVE;
				CLANG_WARN_UNREACHABLE_CODE = YES;
				CLANG_WARN__DUPLICATE_METHOD_MATCH = YES;
				COPY_PHASE_STRIP = NO;
				DEBUG_INFORMATION_FORMAT = dwarf;
				ENABLE_STRICT_OBJC_MSGSEND = YES;
				ENABLE_TESTABILITY = YES;
				GCC_C_LANGUAGE_STANDARD = gnu11;
				GCC_DYNAMIC_NO_PIC = NO;
				GCC_NO_COMMON_BLOCKS = YES;
				GCC_OPTIMIZATION_LEVEL = 0;
				GCC_PREPROCESSOR_DEFINITIONS = (
					"DEBUG=1",
					"$(inherited)",
				);
				GCC_WARN_64_TO_32_BIT_CONVERSION = YES;
				GCC_WARN_ABOUT_RETURN_TYPE = YES_ERROR;
				GCC_WARN_UNDECLARED_SELECTOR = YES;
				GCC_WARN_UNINITIALIZED_AUTOS = YES_AGGRESSIVE;
				GCC_WARN_UNUSED_FUNCTION = YES;
				GCC_WARN_UNUSED_VARIABLE = YES;
				IPHONEOS_DEPLOYMENT_TARGET = 16.2;
				MTL_ENABLE_DEBUG_INFO = INCLUDE_SOURCE;
				MTL_FAST_MATH = YES;
				ONLY_ACTIVE_ARCH = YES;
				SDKROOT = iphoneos;
				SWIFT_ACTIVE_COMPILATION_CONDITIONS = DEBUG;
				SWIFT_OPTIMIZATION_LEVEL = "-Onone";
			};
			name = Debug;
		};
		38C6081F29F1906F0027A5D1 /* Release */ = {
			isa = XCBuildConfiguration;
			buildSettings = {
				ALWAYS_SEARCH_USER_PATHS = NO;
				CLANG_ANALYZER_NONNULL = YES;
				CLANG_ANALYZER_NUMBER_OBJECT_CONVERSION = YES_AGGRESSIVE;
				CLANG_CXX_LANGUAGE_STANDARD = "gnu++20";
				CLANG_ENABLE_MODULES = YES;
				CLANG_ENABLE_OBJC_ARC = YES;
				CLANG_ENABLE_OBJC_WEAK = YES;
				CLANG_WARN_BLOCK_CAPTURE_AUTORELEASING = YES;
				CLANG_WARN_BOOL_CONVERSION = YES;
				CLANG_WARN_COMMA = YES;
				CLANG_WARN_CONSTANT_CONVERSION = YES;
				CLANG_WARN_DEPRECATED_OBJC_IMPLEMENTATIONS = YES;
				CLANG_WARN_DIRECT_OBJC_ISA_USAGE = YES_ERROR;
				CLANG_WARN_DOCUMENTATION_COMMENTS = YES;
				CLANG_WARN_EMPTY_BODY = YES;
				CLANG_WARN_ENUM_CONVERSION = YES;
				CLANG_WARN_INFINITE_RECURSION = YES;
				CLANG_WARN_INT_CONVERSION = YES;
				CLANG_WARN_NON_LITERAL_NULL_CONVERSION = YES;
				CLANG_WARN_OBJC_IMPLICIT_RETAIN_SELF = YES;
				CLANG_WARN_OBJC_LITERAL_CONVERSION = YES;
				CLANG_WARN_OBJC_ROOT_CLASS = YES_ERROR;
				CLANG_WARN_QUOTED_INCLUDE_IN_FRAMEWORK_HEADER = YES;
				CLANG_WARN_RANGE_LOOP_ANALYSIS = YES;
				CLANG_WARN_STRICT_PROTOTYPES = YES;
				CLANG_WARN_SUSPICIOUS_MOVE = YES;
				CLANG_WARN_UNGUARDED_AVAILABILITY = YES_AGGRESSIVE;
				CLANG_WARN_UNREACHABLE_CODE = YES;
				CLANG_WARN__DUPLICATE_METHOD_MATCH = YES;
				COPY_PHASE_STRIP = NO;
				DEBUG_INFORMATION_FORMAT = "dwarf-with-dsym";
				ENABLE_NS_ASSERTIONS = NO;
				ENABLE_STRICT_OBJC_MSGSEND = YES;
				GCC_C_LANGUAGE_STANDARD = gnu11;
				GCC_NO_COMMON_BLOCKS = YES;
				GCC_WARN_64_TO_32_BIT_CONVERSION = YES;
				GCC_WARN_ABOUT_RETURN_TYPE = YES_ERROR;
				GCC_WARN_UNDECLARED_SELECTOR = YES;
				GCC_WARN_UNINITIALIZED_AUTOS = YES_AGGRESSIVE;
				GCC_WARN_UNUSED_FUNCTION = YES;
				GCC_WARN_UNUSED_VARIABLE = YES;
				IPHONEOS_DEPLOYMENT_TARGET = 16.2;
				MTL_ENABLE_DEBUG_INFO = NO;
				MTL_FAST_MATH = YES;
				SDKROOT = iphoneos;
				SWIFT_COMPILATION_MODE = wholemodule;
				SWIFT_OPTIMIZATION_LEVEL = "-O";
				VALIDATE_PRODUCT = YES;
			};
			name = Release;
		};
		38C6082129F1906F0027A5D1 /* Debug */ = {
			isa = XCBuildConfiguration;
			buildSettings = {
				ASSETCATALOG_COMPILER_APPICON_NAME = AppIcon;
				ASSETCATALOG_COMPILER_GLOBAL_ACCENT_COLOR_NAME = AccentColor;
				CODE_SIGN_STYLE = Automatic;
				CURRENT_PROJECT_VERSION = 1;
				DEVELOPMENT_ASSET_PATHS = "\"FordsRewards/Preview Content\"";
				DEVELOPMENT_TEAM = DNJ75V34FZ;
				ENABLE_PREVIEWS = YES;
				GENERATE_INFOPLIST_FILE = YES;
				INFOPLIST_FILE = FordsRewards/Info.plist;
				INFOPLIST_KEY_UIApplicationSceneManifest_Generation = YES;
				INFOPLIST_KEY_UIApplicationSupportsIndirectInputEvents = YES;
				INFOPLIST_KEY_UILaunchScreen_Generation = YES;
				INFOPLIST_KEY_UISupportedInterfaceOrientations_iPad = "UIInterfaceOrientationPortrait UIInterfaceOrientationPortraitUpsideDown UIInterfaceOrientationLandscapeLeft UIInterfaceOrientationLandscapeRight";
				INFOPLIST_KEY_UISupportedInterfaceOrientations_iPhone = "UIInterfaceOrientationPortrait UIInterfaceOrientationLandscapeLeft UIInterfaceOrientationLandscapeRight";
				LD_RUNPATH_SEARCH_PATHS = (
					"$(inherited)",
					"@executable_path/Frameworks",
				);
				MARKETING_VERSION = 1.0;
				PRODUCT_BUNDLE_IDENTIFIER = com.HHSApps.FordsRewards;
				PRODUCT_NAME = "$(TARGET_NAME)";
				SWIFT_EMIT_LOC_STRINGS = YES;
				SWIFT_VERSION = 5.0;
				TARGETED_DEVICE_FAMILY = "1,2";
			};
			name = Debug;
		};
		38C6082229F1906F0027A5D1 /* Release */ = {
			isa = XCBuildConfiguration;
			buildSettings = {
				ASSETCATALOG_COMPILER_APPICON_NAME = AppIcon;
				ASSETCATALOG_COMPILER_GLOBAL_ACCENT_COLOR_NAME = AccentColor;
				CODE_SIGN_STYLE = Automatic;
				CURRENT_PROJECT_VERSION = 1;
				DEVELOPMENT_ASSET_PATHS = "\"FordsRewards/Preview Content\"";
				DEVELOPMENT_TEAM = DNJ75V34FZ;
				ENABLE_PREVIEWS = YES;
				GENERATE_INFOPLIST_FILE = YES;
				INFOPLIST_FILE = FordsRewards/Info.plist;
				INFOPLIST_KEY_UIApplicationSceneManifest_Generation = YES;
				INFOPLIST_KEY_UIApplicationSupportsIndirectInputEvents = YES;
				INFOPLIST_KEY_UILaunchScreen_Generation = YES;
				INFOPLIST_KEY_UISupportedInterfaceOrientations_iPad = "UIInterfaceOrientationPortrait UIInterfaceOrientationPortraitUpsideDown UIInterfaceOrientationLandscapeLeft UIInterfaceOrientationLandscapeRight";
				INFOPLIST_KEY_UISupportedInterfaceOrientations_iPhone = "UIInterfaceOrientationPortrait UIInterfaceOrientationLandscapeLeft UIInterfaceOrientationLandscapeRight";
				LD_RUNPATH_SEARCH_PATHS = (
					"$(inherited)",
					"@executable_path/Frameworks",
				);
				MARKETING_VERSION = 1.0;
				PRODUCT_BUNDLE_IDENTIFIER = com.HHSApps.FordsRewards;
				PRODUCT_NAME = "$(TARGET_NAME)";
				SWIFT_EMIT_LOC_STRINGS = YES;
				SWIFT_VERSION = 5.0;
				TARGETED_DEVICE_FAMILY = "1,2";
			};
			name = Release;
		};
		38C6082429F1906F0027A5D1 /* Debug */ = {
			isa = XCBuildConfiguration;
			buildSettings = {
				ALWAYS_EMBED_SWIFT_STANDARD_LIBRARIES = YES;
				BUNDLE_LOADER = "$(TEST_HOST)";
				CODE_SIGN_STYLE = Automatic;
				CURRENT_PROJECT_VERSION = 1;
				DEVELOPMENT_TEAM = DNJ75V34FZ;
				GENERATE_INFOPLIST_FILE = YES;
				IPHONEOS_DEPLOYMENT_TARGET = 16.2;
				MARKETING_VERSION = 1.0;
				PRODUCT_BUNDLE_IDENTIFIER = com.HHSApps.FordsRewardsTests;
				PRODUCT_NAME = "$(TARGET_NAME)";
				SWIFT_EMIT_LOC_STRINGS = NO;
				SWIFT_VERSION = 5.0;
				TARGETED_DEVICE_FAMILY = "1,2";
				TEST_HOST = "$(BUILT_PRODUCTS_DIR)/FordsRewards.app/$(BUNDLE_EXECUTABLE_FOLDER_PATH)/FordsRewards";
			};
			name = Debug;
		};
		38C6082529F1906F0027A5D1 /* Release */ = {
			isa = XCBuildConfiguration;
			buildSettings = {
				ALWAYS_EMBED_SWIFT_STANDARD_LIBRARIES = YES;
				BUNDLE_LOADER = "$(TEST_HOST)";
				CODE_SIGN_STYLE = Automatic;
				CURRENT_PROJECT_VERSION = 1;
				DEVELOPMENT_TEAM = DNJ75V34FZ;
				GENERATE_INFOPLIST_FILE = YES;
				IPHONEOS_DEPLOYMENT_TARGET = 16.2;
				MARKETING_VERSION = 1.0;
				PRODUCT_BUNDLE_IDENTIFIER = com.HHSApps.FordsRewardsTests;
				PRODUCT_NAME = "$(TARGET_NAME)";
				SWIFT_EMIT_LOC_STRINGS = NO;
				SWIFT_VERSION = 5.0;
				TARGETED_DEVICE_FAMILY = "1,2";
				TEST_HOST = "$(BUILT_PRODUCTS_DIR)/FordsRewards.app/$(BUNDLE_EXECUTABLE_FOLDER_PATH)/FordsRewards";
			};
			name = Release;
		};
		38C6082729F1906F0027A5D1 /* Debug */ = {
			isa = XCBuildConfiguration;
			buildSettings = {
				ALWAYS_EMBED_SWIFT_STANDARD_LIBRARIES = YES;
				CODE_SIGN_STYLE = Automatic;
				CURRENT_PROJECT_VERSION = 1;
				DEVELOPMENT_TEAM = DNJ75V34FZ;
				GENERATE_INFOPLIST_FILE = YES;
				MARKETING_VERSION = 1.0;
				PRODUCT_BUNDLE_IDENTIFIER = com.HHSApps.FordsRewardsUITests;
				PRODUCT_NAME = "$(TARGET_NAME)";
				SWIFT_EMIT_LOC_STRINGS = NO;
				SWIFT_VERSION = 5.0;
				TARGETED_DEVICE_FAMILY = "1,2";
				TEST_TARGET_NAME = FordsRewards;
			};
			name = Debug;
		};
		38C6082829F1906F0027A5D1 /* Release */ = {
			isa = XCBuildConfiguration;
			buildSettings = {
				ALWAYS_EMBED_SWIFT_STANDARD_LIBRARIES = YES;
				CODE_SIGN_STYLE = Automatic;
				CURRENT_PROJECT_VERSION = 1;
				DEVELOPMENT_TEAM = DNJ75V34FZ;
				GENERATE_INFOPLIST_FILE = YES;
				MARKETING_VERSION = 1.0;
				PRODUCT_BUNDLE_IDENTIFIER = com.HHSApps.FordsRewardsUITests;
				PRODUCT_NAME = "$(TARGET_NAME)";
				SWIFT_EMIT_LOC_STRINGS = NO;
				SWIFT_VERSION = 5.0;
				TARGETED_DEVICE_FAMILY = "1,2";
				TEST_TARGET_NAME = FordsRewards;
			};
			name = Release;
		};
/* End XCBuildConfiguration section */

/* Begin XCConfigurationList section */
		38C607F729F1906D0027A5D1 /* Build configuration list for PBXProject "FordsRewards" */ = {
			isa = XCConfigurationList;
			buildConfigurations = (
				38C6081E29F1906F0027A5D1 /* Debug */,
				38C6081F29F1906F0027A5D1 /* Release */,
			);
			defaultConfigurationIsVisible = 0;
			defaultConfigurationName = Release;
		};
		38C6082029F1906F0027A5D1 /* Build configuration list for PBXNativeTarget "FordsRewards" */ = {
			isa = XCConfigurationList;
			buildConfigurations = (
				38C6082129F1906F0027A5D1 /* Debug */,
				38C6082229F1906F0027A5D1 /* Release */,
			);
			defaultConfigurationIsVisible = 0;
			defaultConfigurationName = Release;
		};
		38C6082329F1906F0027A5D1 /* Build configuration list for PBXNativeTarget "FordsRewardsTests" */ = {
			isa = XCConfigurationList;
			buildConfigurations = (
				38C6082429F1906F0027A5D1 /* Debug */,
				38C6082529F1906F0027A5D1 /* Release */,
			);
			defaultConfigurationIsVisible = 0;
			defaultConfigurationName = Release;
		};
		38C6082629F1906F0027A5D1 /* Build configuration list for PBXNativeTarget "FordsRewardsUITests" */ = {
			isa = XCConfigurationList;
			buildConfigurations = (
				38C6082729F1906F0027A5D1 /* Debug */,
				38C6082829F1906F0027A5D1 /* Release */,
			);
			defaultConfigurationIsVisible = 0;
			defaultConfigurationName = Release;
		};
/* End XCConfigurationList section */

/* Begin XCRemoteSwiftPackageReference section */
		257111AC29F6E16100B41A95 /* XCRemoteSwiftPackageReference "GoogleSignIn-iOS" */ = {
			isa = XCRemoteSwiftPackageReference;
			repositoryURL = "https://github.com/google/GoogleSignIn-iOS";
			requirement = {
				kind = upToNextMajorVersion;
				minimumVersion = 7.0.0;
			};
		};
		38C6082D29F191F10027A5D1 /* XCRemoteSwiftPackageReference "firebase-ios-sdk" */ = {
			isa = XCRemoteSwiftPackageReference;
			repositoryURL = "https://github.com/firebase/firebase-ios-sdk";
			requirement = {
				kind = upToNextMinorVersion;
				minimumVersion = 9.6.0;
			};
		};
/* End XCRemoteSwiftPackageReference section */

/* Begin XCSwiftPackageProductDependency section */
		257111AD29F6E16100B41A95 /* GoogleSignIn */ = {
			isa = XCSwiftPackageProductDependency;
			package = 257111AC29F6E16100B41A95 /* XCRemoteSwiftPackageReference "GoogleSignIn-iOS" */;
			productName = GoogleSignIn;
		};
		257111AF29F6E16100B41A95 /* GoogleSignInSwift */ = {
			isa = XCSwiftPackageProductDependency;
			package = 257111AC29F6E16100B41A95 /* XCRemoteSwiftPackageReference "GoogleSignIn-iOS" */;
			productName = GoogleSignInSwift;
		};
		38C6082E29F191F10027A5D1 /* FirebaseAnalytics */ = {
			isa = XCSwiftPackageProductDependency;
			package = 38C6082D29F191F10027A5D1 /* XCRemoteSwiftPackageReference "firebase-ios-sdk" */;
			productName = FirebaseAnalytics;
		};
		38C6083029F191F10027A5D1 /* FirebaseAuth */ = {
			isa = XCSwiftPackageProductDependency;
			package = 38C6082D29F191F10027A5D1 /* XCRemoteSwiftPackageReference "firebase-ios-sdk" */;
			productName = FirebaseAuth;
		};
		38C6083229F191F10027A5D1 /* FirebaseFirestore */ = {
			isa = XCSwiftPackageProductDependency;
			package = 38C6082D29F191F10027A5D1 /* XCRemoteSwiftPackageReference "firebase-ios-sdk" */;
			productName = FirebaseFirestore;
		};
		38C6083429F191F10027A5D1 /* FirebaseFunctions */ = {
			isa = XCSwiftPackageProductDependency;
			package = 38C6082D29F191F10027A5D1 /* XCRemoteSwiftPackageReference "firebase-ios-sdk" */;
			productName = FirebaseFunctions;
		};
		38C6083629F191F10027A5D1 /* FirebaseStorage */ = {
			isa = XCSwiftPackageProductDependency;
			package = 38C6082D29F191F10027A5D1 /* XCRemoteSwiftPackageReference "firebase-ios-sdk" */;
			productName = FirebaseStorage;
		};
/* End XCSwiftPackageProductDependency section */
	};
	rootObject = 38C607F429F1906C0027A5D1 /* Project object */;
}
